
Microsoft Visual Studio Solution File, Format Version 12.00
# Visual Studio Version 16
VisualStudioVersion = 16.0.30204.135
MinimumVisualStudioVersion = 10.0.40219.1
Project("{9A19103F-16F7-4668-BE54-9A1E7A4F7556}") = "CSharp 9 - Version 1", "EximiaCo\CSharp 9 - Version 1.csproj", "{D8749654-2064-42CC-9415-39A061E4E6EF}"
EndProject
Project("{2150E333-8FDC-42A3-9474-1A3956D46DE8}") = "1 - CSharp 9", "1 - CSharp 9", "{EA550DC6-DAA2-4244-A746-2DA5367C304F}"
EndProject
Project("{9A19103F-16F7-4668-BE54-9A1E7A4F7556}") = "CSharp 9 - Version 2", "Version 2\CSharp 9 - Version 2.csproj", "{0C8D183D-DB6D-4DFF-83D0-F609D1BB5F23}"
EndProject
Project("{9A19103F-16F7-4668-BE54-9A1E7A4F7556}") = "CSharp 9 - Version 3", "Version 3\CSharp 9 - Version 3.csproj", "{D6DA8FC6-CDFF-4E0F-8045-0397115F996B}"
EndProject
Project("{2150E333-8FDC-42A3-9474-1A3956D46DE8}") = "2 - GarbageCollector(CPF)", "2 - GarbageCollector(CPF)", "{444318E2-A0B5-4D80-AFDF-8A2903370041}"
EndProject
Project("{9A19103F-16F7-4668-BE54-9A1E7A4F7556}") = "GC.ImpactsCPF", "GC.Impacts\GC.ImpactsCPF.csproj", "{4B9E087B-F31B-4D0A-8225-010F6092AA46}"
EndProject
Project("{2150E333-8FDC-42A3-9474-1A3956D46DE8}") = "3 - ClassOrStruct", "3 - ClassOrStruct", "{66E5ADB9-CAB2-48E5-B774-D262470F6946}"
EndProject
Project("{9A19103F-16F7-4668-BE54-9A1E7A4F7556}") = "ClassOrStruct - Version 1", "ClassOrStruct - Version 1\ClassOrStruct - Version 1.csproj", "{40FD65EF-862F-4DBB-9FAD-83A28BC31215}"
EndProject
Project("{9A19103F-16F7-4668-BE54-9A1E7A4F7556}") = "ClassOrStruct - Version 2", "ClassOrStruct - Version 2\ClassOrStruct - Version 2.csproj", "{882D8CE6-ED88-4DFD-9E86-6FDFEBF5E7EA}"
EndProject
Project("{9A19103F-16F7-4668-BE54-9A1E7A4F7556}") = "ClassOrStruct - Version 3", "ClassOrStruct - Version 3\ClassOrStruct - Version 3.csproj", "{FB7948F0-8FF3-4392-9265-D2044B49C8B9}"
EndProject
Project("{2150E333-8FDC-42A3-9474-1A3956D46DE8}") = "4 - Paralelismo", "4 - Paralelismo", "{F8CA27D6-D999-4719-A942-D771ACDCB250}"
EndProject
Project("{9A19103F-16F7-4668-BE54-9A1E7A4F7556}") = "Paralelismo - Version 1", "Paralelismo - Version 1\Paralelismo - Version 1.csproj", "{4E04F7E7-89B9-44D7-A6EF-010DD8F14939}"
EndProject
Project("{9A19103F-16F7-4668-BE54-9A1E7A4F7556}") = "Paralelismo - Version 2", "Paralelismo - Version 2\Paralelismo - Version 2.csproj", "{4812C316-D873-4E09-8066-ED9D46209CFE}"
EndProject
Project("{9A19103F-16F7-4668-BE54-9A1E7A4F7556}") = "Paralelismo - Version 3", "Paralelismo - Version 3\Paralelismo - Version 3.csproj", "{3AA21886-6543-4ABF-843F-AF9268C4985D}"
EndProject
Project("{9A19103F-16F7-4668-BE54-9A1E7A4F7556}") = "Paralelismo - Version 4", "Paralelismo - Version 4\Paralelismo - Version 4.csproj", "{878D09C6-169D-4599-A107-1888ACA5C078}"
EndProject
Project("{9A19103F-16F7-4668-BE54-9A1E7A4F7556}") = "Paralelismo - Version 5", "Paralelismo - Version 5\Paralelismo - Version 5.csproj", "{5ADA7183-81A5-444B-9C4D-D9B71CB663D8}"
EndProject
Project("{9A19103F-16F7-4668-BE54-9A1E7A4F7556}") = "Paralelismo - Version 6", "Paralelismo - Version 6\Paralelismo - Version 6.csproj", "{582A3BA2-D898-418A-B5A0-6DCC5D7CEF47}"
EndProject
Project("{2150E333-8FDC-42A3-9474-1A3956D46DE8}") = "5 - CSV", "5 - CSV", "{F840BCB9-DA85-4CCB-A242-5A4B4E2F158C}"
EndProject
Project("{9A19103F-16F7-4668-BE54-9A1E7A4F7556}") = "CSV - Version 1", "CSV -Version 1\CSV - Version 1.csproj", "{D8FE37A5-91F7-4E63-9275-1FEA84F32184}"
EndProject
Project("{FAE04EC0-301F-11D3-BF4B-00C04F79EFBC}") = "CSV - Version 2", "CSV - Version 2\CSV - Version 2.csproj", "{C11F52D9-2DAF-4241-BA34-210F8CB01619}"
EndProject
Project("{FAE04EC0-301F-11D3-BF4B-00C04F79EFBC}") = "CSV - Version 3", "CSV - Version 3\CSV - Version 3.csproj", "{585F5777-D4D4-4DE1-951D-AE7E29598600}"
EndProject
Project("{FAE04EC0-301F-11D3-BF4B-00C04F79EFBC}") = "CSV - Version 4", "CSV - Version 4\CSV - Version 4.csproj", "{4B66F32E-852C-473E-89C4-6219FD545E97}"
EndProject
Project("{2150E333-8FDC-42A3-9474-1A3956D46DE8}") = "6 - GarbageCollector(CNPJ)", "6 - GarbageCollector(CNPJ)", "{74CF78CC-0358-4849-9438-2813F3A0987B}"
EndProject
Project("{FAE04EC0-301F-11D3-BF4B-00C04F79EFBC}") = "GC.ImpactsCNPJ", "GC.ImpactsCNPJ\GC.ImpactsCNPJ.csproj", "{ED7EE631-8809-4D81-AB65-A8F063243ED5}"
EndProject
Project("{2150E333-8FDC-42A3-9474-1A3956D46DE8}") = "7 - Tipos Primitivos", "7 - Tipos Primitivos", "{3816A7EF-81DC-4414-8910-A2E9FB39DB92}"
EndProject
Project("{FAE04EC0-301F-11D3-BF4B-00C04F79EFBC}") = "NoMorePrimitivesObsession", "NoMorePrimitivesObsession\NoMorePrimitivesObsession.csproj", "{204258FF-31C4-4F73-BC92-45CB179E81EC}"
EndProject
Project("{2150E333-8FDC-42A3-9474-1A3956D46DE8}") = "8 - Yield Return", "8 - Yield Return", "{02A9CBB2-A64C-48B6-A5DA-7A74045EF133}"
EndProject
Project("{FAE04EC0-301F-11D3-BF4B-00C04F79EFBC}") = "YieldReturn", "YieldReturn\YieldReturn.csproj", "{FB669F43-27E6-4737-B6CF-AD99AFB158A7}"
EndProject
Project("{2150E333-8FDC-42A3-9474-1A3956D46DE8}") = "9 - Enumeraveis e LINQ", "9 - Enumeraveis e LINQ", "{3BD00161-9251-4AC7-AC8F-6FB06D8463CF}"
EndProject
Project("{FAE04EC0-301F-11D3-BF4B-00C04F79EFBC}") = "WebClient - Original", "LINQ\WebClient - Original.csproj", "{676D2B25-7A90-418B-B743-B2CF3EB90EAD}"
EndProject
Project("{FAE04EC0-301F-11D3-BF4B-00C04F79EFBC}") = "YieldReturn - Descontruido", "YieldReturn - Descontruido\YieldReturn - Descontruido.csproj", "{18FE819B-C24E-4A05-A8AC-C2477FC0AD94}"
EndProject
Project("{FAE04EC0-301F-11D3-BF4B-00C04F79EFBC}") = "WebClient - Enumerator", "WebClient - Enumerator\WebClient - Enumerator.csproj", "{2F6C3751-CDB0-4D95-A6D1-664F7F211B1B}"
EndProject
Project("{FAE04EC0-301F-11D3-BF4B-00C04F79EFBC}") = "WebClient - YieldReturn", "WebClient - YieldReturn\WebClient - YieldReturn.csproj", "{B95D8F6F-AF45-4AEF-A70F-8E6BD3D6C026}"
EndProject
Project("{FAE04EC0-301F-11D3-BF4B-00C04F79EFBC}") = "WebClient - LINQ", "WebClient - LINQ\WebClient - LINQ.csproj", "{5245AD68-1CAC-440A-8D70-2809823C4DB4}"
EndProject
Global
	GlobalSection(SolutionConfigurationPlatforms) = preSolution
		Debug|Any CPU = Debug|Any CPU
		Release|Any CPU = Release|Any CPU
	EndGlobalSection
	GlobalSection(ProjectConfigurationPlatforms) = postSolution
		{D8749654-2064-42CC-9415-39A061E4E6EF}.Debug|Any CPU.ActiveCfg = Debug|Any CPU
		{D8749654-2064-42CC-9415-39A061E4E6EF}.Debug|Any CPU.Build.0 = Debug|Any CPU
		{D8749654-2064-42CC-9415-39A061E4E6EF}.Release|Any CPU.ActiveCfg = Release|Any CPU
		{D8749654-2064-42CC-9415-39A061E4E6EF}.Release|Any CPU.Build.0 = Release|Any CPU
		{0C8D183D-DB6D-4DFF-83D0-F609D1BB5F23}.Debug|Any CPU.ActiveCfg = Debug|Any CPU
		{0C8D183D-DB6D-4DFF-83D0-F609D1BB5F23}.Debug|Any CPU.Build.0 = Debug|Any CPU
		{0C8D183D-DB6D-4DFF-83D0-F609D1BB5F23}.Release|Any CPU.ActiveCfg = Release|Any CPU
		{0C8D183D-DB6D-4DFF-83D0-F609D1BB5F23}.Release|Any CPU.Build.0 = Release|Any CPU
		{D6DA8FC6-CDFF-4E0F-8045-0397115F996B}.Debug|Any CPU.ActiveCfg = Debug|Any CPU
		{D6DA8FC6-CDFF-4E0F-8045-0397115F996B}.Debug|Any CPU.Build.0 = Debug|Any CPU
		{D6DA8FC6-CDFF-4E0F-8045-0397115F996B}.Release|Any CPU.ActiveCfg = Release|Any CPU
		{D6DA8FC6-CDFF-4E0F-8045-0397115F996B}.Release|Any CPU.Build.0 = Release|Any CPU
		{4B9E087B-F31B-4D0A-8225-010F6092AA46}.Debug|Any CPU.ActiveCfg = Debug|Any CPU
		{4B9E087B-F31B-4D0A-8225-010F6092AA46}.Debug|Any CPU.Build.0 = Debug|Any CPU
		{4B9E087B-F31B-4D0A-8225-010F6092AA46}.Release|Any CPU.ActiveCfg = Release|Any CPU
		{4B9E087B-F31B-4D0A-8225-010F6092AA46}.Release|Any CPU.Build.0 = Release|Any CPU
		{40FD65EF-862F-4DBB-9FAD-83A28BC31215}.Debug|Any CPU.ActiveCfg = Debug|Any CPU
		{40FD65EF-862F-4DBB-9FAD-83A28BC31215}.Debug|Any CPU.Build.0 = Debug|Any CPU
		{40FD65EF-862F-4DBB-9FAD-83A28BC31215}.Release|Any CPU.ActiveCfg = Release|Any CPU
		{40FD65EF-862F-4DBB-9FAD-83A28BC31215}.Release|Any CPU.Build.0 = Release|Any CPU
		{882D8CE6-ED88-4DFD-9E86-6FDFEBF5E7EA}.Debug|Any CPU.ActiveCfg = Debug|Any CPU
		{882D8CE6-ED88-4DFD-9E86-6FDFEBF5E7EA}.Debug|Any CPU.Build.0 = Debug|Any CPU
		{882D8CE6-ED88-4DFD-9E86-6FDFEBF5E7EA}.Release|Any CPU.ActiveCfg = Release|Any CPU
		{882D8CE6-ED88-4DFD-9E86-6FDFEBF5E7EA}.Release|Any CPU.Build.0 = Release|Any CPU
		{FB7948F0-8FF3-4392-9265-D2044B49C8B9}.Debug|Any CPU.ActiveCfg = Debug|Any CPU
		{FB7948F0-8FF3-4392-9265-D2044B49C8B9}.Debug|Any CPU.Build.0 = Debug|Any CPU
		{FB7948F0-8FF3-4392-9265-D2044B49C8B9}.Release|Any CPU.ActiveCfg = Release|Any CPU
		{FB7948F0-8FF3-4392-9265-D2044B49C8B9}.Release|Any CPU.Build.0 = Release|Any CPU
		{4E04F7E7-89B9-44D7-A6EF-010DD8F14939}.Debug|Any CPU.ActiveCfg = Debug|Any CPU
		{4E04F7E7-89B9-44D7-A6EF-010DD8F14939}.Debug|Any CPU.Build.0 = Debug|Any CPU
		{4E04F7E7-89B9-44D7-A6EF-010DD8F14939}.Release|Any CPU.ActiveCfg = Release|Any CPU
		{4E04F7E7-89B9-44D7-A6EF-010DD8F14939}.Release|Any CPU.Build.0 = Release|Any CPU
		{4812C316-D873-4E09-8066-ED9D46209CFE}.Debug|Any CPU.ActiveCfg = Debug|Any CPU
		{4812C316-D873-4E09-8066-ED9D46209CFE}.Debug|Any CPU.Build.0 = Debug|Any CPU
		{4812C316-D873-4E09-8066-ED9D46209CFE}.Release|Any CPU.ActiveCfg = Release|Any CPU
		{4812C316-D873-4E09-8066-ED9D46209CFE}.Release|Any CPU.Build.0 = Release|Any CPU
		{3AA21886-6543-4ABF-843F-AF9268C4985D}.Debug|Any CPU.ActiveCfg = Debug|Any CPU
		{3AA21886-6543-4ABF-843F-AF9268C4985D}.Debug|Any CPU.Build.0 = Debug|Any CPU
		{3AA21886-6543-4ABF-843F-AF9268C4985D}.Release|Any CPU.ActiveCfg = Release|Any CPU
		{3AA21886-6543-4ABF-843F-AF9268C4985D}.Release|Any CPU.Build.0 = Release|Any CPU
		{878D09C6-169D-4599-A107-1888ACA5C078}.Debug|Any CPU.ActiveCfg = Debug|Any CPU
		{878D09C6-169D-4599-A107-1888ACA5C078}.Debug|Any CPU.Build.0 = Debug|Any CPU
		{878D09C6-169D-4599-A107-1888ACA5C078}.Release|Any CPU.ActiveCfg = Release|Any CPU
		{878D09C6-169D-4599-A107-1888ACA5C078}.Release|Any CPU.Build.0 = Release|Any CPU
		{5ADA7183-81A5-444B-9C4D-D9B71CB663D8}.Debug|Any CPU.ActiveCfg = Debug|Any CPU
		{5ADA7183-81A5-444B-9C4D-D9B71CB663D8}.Debug|Any CPU.Build.0 = Debug|Any CPU
		{5ADA7183-81A5-444B-9C4D-D9B71CB663D8}.Release|Any CPU.ActiveCfg = Release|Any CPU
		{5ADA7183-81A5-444B-9C4D-D9B71CB663D8}.Release|Any CPU.Build.0 = Release|Any CPU
		{582A3BA2-D898-418A-B5A0-6DCC5D7CEF47}.Debug|Any CPU.ActiveCfg = Debug|Any CPU
		{582A3BA2-D898-418A-B5A0-6DCC5D7CEF47}.Debug|Any CPU.Build.0 = Debug|Any CPU
		{582A3BA2-D898-418A-B5A0-6DCC5D7CEF47}.Release|Any CPU.ActiveCfg = Release|Any CPU
		{582A3BA2-D898-418A-B5A0-6DCC5D7CEF47}.Release|Any CPU.Build.0 = Release|Any CPU
		{D8FE37A5-91F7-4E63-9275-1FEA84F32184}.Debug|Any CPU.ActiveCfg = Debug|Any CPU
		{D8FE37A5-91F7-4E63-9275-1FEA84F32184}.Debug|Any CPU.Build.0 = Debug|Any CPU
		{D8FE37A5-91F7-4E63-9275-1FEA84F32184}.Release|Any CPU.ActiveCfg = Release|Any CPU
		{D8FE37A5-91F7-4E63-9275-1FEA84F32184}.Release|Any CPU.Build.0 = Release|Any CPU
		{C11F52D9-2DAF-4241-BA34-210F8CB01619}.Debug|Any CPU.ActiveCfg = Debug|Any CPU
		{C11F52D9-2DAF-4241-BA34-210F8CB01619}.Debug|Any CPU.Build.0 = Debug|Any CPU
		{C11F52D9-2DAF-4241-BA34-210F8CB01619}.Release|Any CPU.ActiveCfg = Release|Any CPU
		{C11F52D9-2DAF-4241-BA34-210F8CB01619}.Release|Any CPU.Build.0 = Release|Any CPU
		{585F5777-D4D4-4DE1-951D-AE7E29598600}.Debug|Any CPU.ActiveCfg = Debug|Any CPU
		{585F5777-D4D4-4DE1-951D-AE7E29598600}.Debug|Any CPU.Build.0 = Debug|Any CPU
		{585F5777-D4D4-4DE1-951D-AE7E29598600}.Release|Any CPU.ActiveCfg = Release|Any CPU
		{585F5777-D4D4-4DE1-951D-AE7E29598600}.Release|Any CPU.Build.0 = Release|Any CPU
		{4B66F32E-852C-473E-89C4-6219FD545E97}.Debug|Any CPU.ActiveCfg = Debug|Any CPU
		{4B66F32E-852C-473E-89C4-6219FD545E97}.Debug|Any CPU.Build.0 = Debug|Any CPU
		{4B66F32E-852C-473E-89C4-6219FD545E97}.Release|Any CPU.ActiveCfg = Release|Any CPU
		{4B66F32E-852C-473E-89C4-6219FD545E97}.Release|Any CPU.Build.0 = Release|Any CPU
		{ED7EE631-8809-4D81-AB65-A8F063243ED5}.Debug|Any CPU.ActiveCfg = Debug|Any CPU
		{ED7EE631-8809-4D81-AB65-A8F063243ED5}.Debug|Any CPU.Build.0 = Debug|Any CPU
		{ED7EE631-8809-4D81-AB65-A8F063243ED5}.Release|Any CPU.ActiveCfg = Release|Any CPU
		{ED7EE631-8809-4D81-AB65-A8F063243ED5}.Release|Any CPU.Build.0 = Release|Any CPU
		{204258FF-31C4-4F73-BC92-45CB179E81EC}.Debug|Any CPU.ActiveCfg = Debug|Any CPU
		{204258FF-31C4-4F73-BC92-45CB179E81EC}.Debug|Any CPU.Build.0 = Debug|Any CPU
		{204258FF-31C4-4F73-BC92-45CB179E81EC}.Release|Any CPU.ActiveCfg = Release|Any CPU
		{204258FF-31C4-4F73-BC92-45CB179E81EC}.Release|Any CPU.Build.0 = Release|Any CPU
		{FB669F43-27E6-4737-B6CF-AD99AFB158A7}.Debug|Any CPU.ActiveCfg = Debug|Any CPU
		{FB669F43-27E6-4737-B6CF-AD99AFB158A7}.Debug|Any CPU.Build.0 = Debug|Any CPU
		{FB669F43-27E6-4737-B6CF-AD99AFB158A7}.Release|Any CPU.ActiveCfg = Release|Any CPU
		{FB669F43-27E6-4737-B6CF-AD99AFB158A7}.Release|Any CPU.Build.0 = Release|Any CPU
		{676D2B25-7A90-418B-B743-B2CF3EB90EAD}.Debug|Any CPU.ActiveCfg = Debug|Any CPU
		{676D2B25-7A90-418B-B743-B2CF3EB90EAD}.Debug|Any CPU.Build.0 = Debug|Any CPU
		{676D2B25-7A90-418B-B743-B2CF3EB90EAD}.Release|Any CPU.ActiveCfg = Release|Any CPU
		{676D2B25-7A90-418B-B743-B2CF3EB90EAD}.Release|Any CPU.Build.0 = Release|Any CPU
		{18FE819B-C24E-4A05-A8AC-C2477FC0AD94}.Debug|Any CPU.ActiveCfg = Debug|Any CPU
		{18FE819B-C24E-4A05-A8AC-C2477FC0AD94}.Debug|Any CPU.Build.0 = Debug|Any CPU
		{18FE819B-C24E-4A05-A8AC-C2477FC0AD94}.Release|Any CPU.ActiveCfg = Release|Any CPU
		{18FE819B-C24E-4A05-A8AC-C2477FC0AD94}.Release|Any CPU.Build.0 = Release|Any CPU
		{2F6C3751-CDB0-4D95-A6D1-664F7F211B1B}.Debug|Any CPU.ActiveCfg = Debug|Any CPU
		{2F6C3751-CDB0-4D95-A6D1-664F7F211B1B}.Debug|Any CPU.Build.0 = Debug|Any CPU
		{2F6C3751-CDB0-4D95-A6D1-664F7F211B1B}.Release|Any CPU.ActiveCfg = Release|Any CPU
		{2F6C3751-CDB0-4D95-A6D1-664F7F211B1B}.Release|Any CPU.Build.0 = Release|Any CPU
		{B95D8F6F-AF45-4AEF-A70F-8E6BD3D6C026}.Debug|Any CPU.ActiveCfg = Debug|Any CPU
		{B95D8F6F-AF45-4AEF-A70F-8E6BD3D6C026}.Debug|Any CPU.Build.0 = Debug|Any CPU
		{B95D8F6F-AF45-4AEF-A70F-8E6BD3D6C026}.Release|Any CPU.ActiveCfg = Release|Any CPU
		{B95D8F6F-AF45-4AEF-A70F-8E6BD3D6C026}.Release|Any CPU.Build.0 = Release|Any CPU
		{5245AD68-1CAC-440A-8D70-2809823C4DB4}.Debug|Any CPU.ActiveCfg = Debug|Any CPU
		{5245AD68-1CAC-440A-8D70-2809823C4DB4}.Debug|Any CPU.Build.0 = Debug|Any CPU
		{5245AD68-1CAC-440A-8D70-2809823C4DB4}.Release|Any CPU.ActiveCfg = Release|Any CPU
		{5245AD68-1CAC-440A-8D70-2809823C4DB4}.Release|Any CPU.Build.0 = Release|Any CPU
	EndGlobalSection
	GlobalSection(SolutionProperties) = preSolution
		HideSolutionNode = FALSE
	EndGlobalSection
	GlobalSection(NestedProjects) = preSolution
		{D8749654-2064-42CC-9415-39A061E4E6EF} = {EA550DC6-DAA2-4244-A746-2DA5367C304F}
		{0C8D183D-DB6D-4DFF-83D0-F609D1BB5F23} = {EA550DC6-DAA2-4244-A746-2DA5367C304F}
		{D6DA8FC6-CDFF-4E0F-8045-0397115F996B} = {EA550DC6-DAA2-4244-A746-2DA5367C304F}
		{4B9E087B-F31B-4D0A-8225-010F6092AA46} = {444318E2-A0B5-4D80-AFDF-8A2903370041}
		{40FD65EF-862F-4DBB-9FAD-83A28BC31215} = {66E5ADB9-CAB2-48E5-B774-D262470F6946}
		{882D8CE6-ED88-4DFD-9E86-6FDFEBF5E7EA} = {66E5ADB9-CAB2-48E5-B774-D262470F6946}
		{FB7948F0-8FF3-4392-9265-D2044B49C8B9} = {66E5ADB9-CAB2-48E5-B774-D262470F6946}
		{4E04F7E7-89B9-44D7-A6EF-010DD8F14939} = {F8CA27D6-D999-4719-A942-D771ACDCB250}
		{4812C316-D873-4E09-8066-ED9D46209CFE} = {F8CA27D6-D999-4719-A942-D771ACDCB250}
		{3AA21886-6543-4ABF-843F-AF9268C4985D} = {F8CA27D6-D999-4719-A942-D771ACDCB250}
		{878D09C6-169D-4599-A107-1888ACA5C078} = {F8CA27D6-D999-4719-A942-D771ACDCB250}
		{5ADA7183-81A5-444B-9C4D-D9B71CB663D8} = {F8CA27D6-D999-4719-A942-D771ACDCB250}
		{582A3BA2-D898-418A-B5A0-6DCC5D7CEF47} = {F8CA27D6-D999-4719-A942-D771ACDCB250}
		{D8FE37A5-91F7-4E63-9275-1FEA84F32184} = {F840BCB9-DA85-4CCB-A242-5A4B4E2F158C}
		{C11F52D9-2DAF-4241-BA34-210F8CB01619} = {F840BCB9-DA85-4CCB-A242-5A4B4E2F158C}
		{585F5777-D4D4-4DE1-951D-AE7E29598600} = {F840BCB9-DA85-4CCB-A242-5A4B4E2F158C}
		{4B66F32E-852C-473E-89C4-6219FD545E97} = {F840BCB9-DA85-4CCB-A242-5A4B4E2F158C}
		{ED7EE631-8809-4D81-AB65-A8F063243ED5} = {74CF78CC-0358-4849-9438-2813F3A0987B}
		{204258FF-31C4-4F73-BC92-45CB179E81EC} = {3816A7EF-81DC-4414-8910-A2E9FB39DB92}
		{FB669F43-27E6-4737-B6CF-AD99AFB158A7} = {02A9CBB2-A64C-48B6-A5DA-7A74045EF133}
		{676D2B25-7A90-418B-B743-B2CF3EB90EAD} = {3BD00161-9251-4AC7-AC8F-6FB06D8463CF}
		{18FE819B-C24E-4A05-A8AC-C2477FC0AD94} = {02A9CBB2-A64C-48B6-A5DA-7A74045EF133}
		{2F6C3751-CDB0-4D95-A6D1-664F7F211B1B} = {3BD00161-9251-4AC7-AC8F-6FB06D8463CF}
		{B95D8F6F-AF45-4AEF-A70F-8E6BD3D6C026} = {3BD00161-9251-4AC7-AC8F-6FB06D8463CF}
		{5245AD68-1CAC-440A-8D70-2809823C4DB4} = {3BD00161-9251-4AC7-AC8F-6FB06D8463CF}
	EndGlobalSection
	GlobalSection(ExtensibilityGlobals) = postSolution
		SolutionGuid = {C922E741-8782-4CBA-A031-9B828839D78B}
	EndGlobalSection
EndGlobal
